
Microsoft Visual Studio Solution File, Format Version 12.00
# Visual Studio 15
VisualStudioVersion = 15.0.28010.2041
MinimumVisualStudioVersion = 10.0.40219.1
Project("{FAE04EC0-301F-11D3-BF4B-00C04F79EFBC}") = "Komis", "Komis\Komis.csproj", "{CBF43930-2B76-42EC-BB86-ED41B77C226C}"
EndProject
Global
	GlobalSection(SolutionConfigurationPlatforms) = preSolution
		Debug|Any CPU = Debug|Any CPU
		Release|Any CPU = Release|Any CPU
	EndGlobalSection
	GlobalSection(ProjectConfigurationPlatforms) = postSolution
		{CBF43930-2B76-42EC-BB86-ED41B77C226C}.Debug|Any CPU.ActiveCfg = Debug|Any CPU
		{CBF43930-2B76-42EC-BB86-ED41B77C226C}.Debug|Any CPU.Build.0 = Debug|Any CPU
		{CBF43930-2B76-42EC-BB86-ED41B77C226C}.Release|Any CPU.ActiveCfg = Release|Any CPU
		{CBF43930-2B76-42EC-BB86-ED41B77C226C}.Release|Any CPU.Build.0 = Release|Any CPU
	EndGlobalSection
	GlobalSection(SolutionProperties) = preSolution
		HideSolutionNode = FALSE
	EndGlobalSection
	GlobalSection(ExtensibilityGlobals) = postSolution
		SolutionGuid = {AA215ADB-2412-4A88-B690-58776B325DBB}
	EndGlobalSection
EndGlobal
